
Microsoft Visual Studio Solution File, Format Version 12.00
# Visual Studio Version 17
VisualStudioVersion = 17.3.32901.215
MinimumVisualStudioVersion = 10.0.40219.1
Project("{8BC9CEB8-8B4A-11D0-8D11-00A0C91BC942}") = "OOP HMWRK 1 - 2", "OOP HMWRK 1 - 2.vcxproj", "{591C834F-8949-4049-9611-B35F0BF3A047}"
EndProject
Global
	GlobalSection(SolutionConfigurationPlatforms) = preSolution
		Debug|x64 = Debug|x64
		Debug|x86 = Debug|x86
		Release|x64 = Release|x64
		Release|x86 = Release|x86
	EndGlobalSection
	GlobalSection(ProjectConfigurationPlatforms) = postSolution
		{591C834F-8949-4049-9611-B35F0BF3A047}.Debug|x64.ActiveCfg = Debug|x64
		{591C834F-8949-4049-9611-B35F0BF3A047}.Debug|x64.Build.0 = Debug|x64
		{591C834F-8949-4049-9611-B35F0BF3A047}.Debug|x86.ActiveCfg = Debug|Win32
		{591C834F-8949-4049-9611-B35F0BF3A047}.Debug|x86.Build.0 = Debug|Win32
		{591C834F-8949-4049-9611-B35F0BF3A047}.Release|x64.ActiveCfg = Release|x64
		{591C834F-8949-4049-9611-B35F0BF3A047}.Release|x64.Build.0 = Release|x64
		{591C834F-8949-4049-9611-B35F0BF3A047}.Release|x86.ActiveCfg = Release|Win32
		{591C834F-8949-4049-9611-B35F0BF3A047}.Release|x86.Build.0 = Release|Win32
	EndGlobalSection
	GlobalSection(SolutionProperties) = preSolution
		HideSolutionNode = FALSE
	EndGlobalSection
	GlobalSection(ExtensibilityGlobals) = postSolution
		SolutionGuid = {9A680B3A-3EAC-4FBC-8356-2F6E1E4C0111}
	EndGlobalSection
EndGlobal
